
Microsoft Visual Studio Solution File, Format Version 12.00
# Visual Studio 15
Project("{FAE04EC0-301F-11D3-BF4B-00C04F79EFBC}") = "UnityEngine.UI", "UnityEngine.UI.csproj", "{AEE0C183-5965-B751-3D6B-5F971CB431CA}"
EndProject
Project("{FAE04EC0-301F-11D3-BF4B-00C04F79EFBC}") = "UnityEngine.TestRunner", "UnityEngine.TestRunner.csproj", "{62D1A528-4FEE-FD7A-C9F8-912014EE9857}"
EndProject
Project("{FAE04EC0-301F-11D3-BF4B-00C04F79EFBC}") = "Unity.Mathematics", "Unity.Mathematics.csproj", "{28BFF748-13D3-2E82-8340-E4A2ACC1310C}"
EndProject
Project("{FAE04EC0-301F-11D3-BF4B-00C04F79EFBC}") = "Unity.Timeline", "Unity.Timeline.csproj", "{465944B2-9C5D-BBB1-2900-ED9A536240E3}"
EndProject
Project("{FAE04EC0-301F-11D3-BF4B-00C04F79EFBC}") = "Cinemachine", "Cinemachine.csproj", "{D1C195BE-CEE2-D9D8-57AA-DB9C72AEA99E}"
EndProject
Project("{FAE04EC0-301F-11D3-BF4B-00C04F79EFBC}") = "Unity.TextMeshPro", "Unity.TextMeshPro.csproj", "{D93D1895-5A2D-F622-56AD-25FE4AA58FE1}"
EndProject
Project("{FAE04EC0-301F-11D3-BF4B-00C04F79EFBC}") = "Unity.Burst", "Unity.Burst.csproj", "{22449E8F-57A2-EC93-39B7-27676824A9A1}"
EndProject
Project("{FAE04EC0-301F-11D3-BF4B-00C04F79EFBC}") = "Unity.2D.Animation.Runtime", "Unity.2D.Animation.Runtime.csproj", "{6C35F8A8-31EA-5AEE-3108-6D88A92680EE}"
EndProject
Project("{FAE04EC0-301F-11D3-BF4B-00C04F79EFBC}") = "Assembly-CSharp", "Assembly-CSharp.csproj", "{827D5469-A535-8E01-45B6-2394A8BAA352}"
EndProject
Project("{FAE04EC0-301F-11D3-BF4B-00C04F79EFBC}") = "Unity.2D.IK.Runtime", "Unity.2D.IK.Runtime.csproj", "{A532E821-757F-9DC8-BC40-905C79A951F8}"
EndProject
Project("{FAE04EC0-301F-11D3-BF4B-00C04F79EFBC}") = "Unity.2D.SpriteShape.Runtime", "Unity.2D.SpriteShape.Runtime.csproj", "{A7D71D17-0E98-D2BE-88F6-6943DC5BC2EF}"
EndProject
Project("{FAE04EC0-301F-11D3-BF4B-00C04F79EFBC}") = "Unity.2D.Common.Runtime", "Unity.2D.Common.Runtime.csproj", "{EE2DBD30-1E47-107B-07F2-58C8B8E611FE}"
EndProject
Project("{FAE04EC0-301F-11D3-BF4B-00C04F79EFBC}") = "Unity.2D.PixelPerfect", "Unity.2D.PixelPerfect.csproj", "{6CFE0EB7-A14E-7029-81A0-BE8C84AC6ABA}"
EndProject
Project("{FAE04EC0-301F-11D3-BF4B-00C04F79EFBC}") = "Unity.InternalAPIEngineBridge.001", "Unity.InternalAPIEngineBridge.001.csproj", "{E3E49136-2CF7-8161-E29E-7A81A9B3F903}"
EndProject
Project("{FAE04EC0-301F-11D3-BF4B-00C04F79EFBC}") = "UnityEditor.TestRunner", "UnityEditor.TestRunner.csproj", "{6A917001-1852-C138-5E8B-380C5EDB4A58}"
EndProject
Project("{FAE04EC0-301F-11D3-BF4B-00C04F79EFBC}") = "Unity.2D.Psdimporter.Editor", "Unity.2D.Psdimporter.Editor.csproj", "{528C12AC-5381-5274-1A88-08D129BA21DF}"
EndProject
Project("{FAE04EC0-301F-11D3-BF4B-00C04F79EFBC}") = "Unity.PlasticSCM.Editor", "Unity.PlasticSCM.Editor.csproj", "{44DC8290-99E9-5EED-0D1B-322AEC3C9F9A}"
EndProject
Project("{FAE04EC0-301F-11D3-BF4B-00C04F79EFBC}") = "UnityEditor.UI", "UnityEditor.UI.csproj", "{3D504963-4D2B-3DF8-BD5D-C6290495F013}"
EndProject
Project("{FAE04EC0-301F-11D3-BF4B-00C04F79EFBC}") = "Unity.Services.Core.Editor", "Unity.Services.Core.Editor.csproj", "{3C9A7133-23EC-76CC-BF1D-CEA56F39DEF8}"
EndProject
Project("{FAE04EC0-301F-11D3-BF4B-00C04F79EFBC}") = "Unity.Timeline.Editor", "Unity.Timeline.Editor.csproj", "{A2B51AC6-CD07-654A-E96A-2F9978A3BC2F}"
EndProject
Project("{FAE04EC0-301F-11D3-BF4B-00C04F79EFBC}") = "Unity.VisualStudio.Editor", "Unity.VisualStudio.Editor.csproj", "{A985F3F6-C6CB-5C0F-C8AA-FF963A3E6A58}"
EndProject
Project("{FAE04EC0-301F-11D3-BF4B-00C04F79EFBC}") = "com.unity.cinemachine.editor", "com.unity.cinemachine.editor.csproj", "{9FBA07C4-5BC2-4B7F-3693-4C9CA262DC1B}"
EndProject
Project("{FAE04EC0-301F-11D3-BF4B-00C04F79EFBC}") = "Unity.2D.Animation.Editor", "Unity.2D.Animation.Editor.csproj", "{8B242B3A-2077-BB18-B5DE-ADEC47DAF9DF}"
EndProject
Project("{FAE04EC0-301F-11D3-BF4B-00C04F79EFBC}") = "Unity.TextMeshPro.Editor", "Unity.TextMeshPro.Editor.csproj", "{EF09AEEA-A5B6-AEAE-F952-2DAC9CD1495D}"
EndProject
Project("{FAE04EC0-301F-11D3-BF4B-00C04F79EFBC}") = "Unity.2D.SpriteShape.Editor", "Unity.2D.SpriteShape.Editor.csproj", "{0340A2D6-C93E-2509-D6C7-4D8964D5E70A}"
EndProject
Project("{FAE04EC0-301F-11D3-BF4B-00C04F79EFBC}") = "Unity.CollabProxy.Editor", "Unity.CollabProxy.Editor.csproj", "{473AF50A-BBC7-D62C-3EE5-284D0344BDC0}"
EndProject
Project("{FAE04EC0-301F-11D3-BF4B-00C04F79EFBC}") = "PsdPlugin", "PsdPlugin.csproj", "{2FC8414E-ECF8-24E6-E6C5-641331A50E99}"
EndProject
Project("{FAE04EC0-301F-11D3-BF4B-00C04F79EFBC}") = "Unity.2D.Tilemap.Editor", "Unity.2D.Tilemap.Editor.csproj", "{E1FEC881-F3CC-414C-1FA8-477F584C6C77}"
EndProject
Project("{FAE04EC0-301F-11D3-BF4B-00C04F79EFBC}") = "Unity.2D.Path.Editor", "Unity.2D.Path.Editor.csproj", "{2A643524-3175-7B26-F4C5-95E0C5F6B7EE}"
EndProject
Project("{FAE04EC0-301F-11D3-BF4B-00C04F79EFBC}") = "Unity.Rider.Editor", "Unity.Rider.Editor.csproj", "{7F1B29A9-DC59-EB9C-DF2C-87D59AB1F6A4}"
EndProject
Project("{FAE04EC0-301F-11D3-BF4B-00C04F79EFBC}") = "Unity.2D.Sprite.Editor", "Unity.2D.Sprite.Editor.csproj", "{C0854E60-4E41-A986-AD84-52BCD5E84899}"
EndProject
Project("{FAE04EC0-301F-11D3-BF4B-00C04F79EFBC}") = "Unity.2D.IK.Editor", "Unity.2D.IK.Editor.csproj", "{AF8CADF9-F22F-3185-449D-FC72DFECD6F1}"
EndProject
Project("{FAE04EC0-301F-11D3-BF4B-00C04F79EFBC}") = "Unity.Burst.Editor", "Unity.Burst.Editor.csproj", "{6209825C-CA58-5DF1-30CC-C501B0C1846A}"
EndProject
Project("{FAE04EC0-301F-11D3-BF4B-00C04F79EFBC}") = "Unity.Burst.CodeGen", "Unity.Burst.CodeGen.csproj", "{F22BCBDF-029D-53F8-2BEB-58388298C843}"
EndProject
Project("{FAE04EC0-301F-11D3-BF4B-00C04F79EFBC}") = "Unity.2D.PixelPerfect.Editor", "Unity.2D.PixelPerfect.Editor.csproj", "{C2AFD4D0-9E01-7889-3B84-301CE8CDC7B9}"
EndProject
Project("{FAE04EC0-301F-11D3-BF4B-00C04F79EFBC}") = "Unity.VSCode.Editor", "Unity.VSCode.Editor.csproj", "{DBB67675-68AC-DAEE-49F0-49447433C691}"
EndProject
Project("{FAE04EC0-301F-11D3-BF4B-00C04F79EFBC}") = "Unity.2D.Common.Editor", "Unity.2D.Common.Editor.csproj", "{A5E19037-AF4F-D0F0-C411-900B002A7B33}"
EndProject
Project("{FAE04EC0-301F-11D3-BF4B-00C04F79EFBC}") = "Unity.Mathematics.Editor", "Unity.Mathematics.Editor.csproj", "{2D5637CE-C591-35AE-AB90-A1D7ECE3CB3C}"
EndProject
Project("{FAE04EC0-301F-11D3-BF4B-00C04F79EFBC}") = "Unity.InternalAPIEditorBridge.001", "Unity.InternalAPIEditorBridge.001.csproj", "{4156EC24-0B87-6CD8-7280-41FC53442327}"
EndProject
Project("{FAE04EC0-301F-11D3-BF4B-00C04F79EFBC}") = "UnityEngine.UI", "UnityEngine.UI.Player.csproj", "{23CFFD30-49F9-DABC-0448-39101B902B9D}"
EndProject
Project("{FAE04EC0-301F-11D3-BF4B-00C04F79EFBC}") = "UnityEngine.TestRunner", "UnityEngine.TestRunner.Player.csproj", "{5874E8FE-8EDA-A1DC-F0CB-C572026DABC7}"
EndProject
Project("{FAE04EC0-301F-11D3-BF4B-00C04F79EFBC}") = "Unity.Mathematics", "Unity.Mathematics.Player.csproj", "{0FDBA441-F2C9-4B18-39BA-2F424578DF32}"
EndProject
Project("{FAE04EC0-301F-11D3-BF4B-00C04F79EFBC}") = "Unity.Timeline", "Unity.Timeline.Player.csproj", "{EF5C8C41-E341-69BC-716C-1D3D9D03D55E}"
EndProject
Project("{FAE04EC0-301F-11D3-BF4B-00C04F79EFBC}") = "Cinemachine", "Cinemachine.Player.csproj", "{0EAD2E8F-A97C-EBA3-D54A-3F5DF10C9F84}"
EndProject
Project("{FAE04EC0-301F-11D3-BF4B-00C04F79EFBC}") = "Unity.TextMeshPro", "Unity.TextMeshPro.Player.csproj", "{FC08A01F-439D-9B2D-9FCC-A656D885E33C}"
EndProject
Project("{FAE04EC0-301F-11D3-BF4B-00C04F79EFBC}") = "Unity.Burst", "Unity.Burst.Player.csproj", "{CDB7B92A-A3DB-8042-F0B1-179882096FB7}"
EndProject
Project("{FAE04EC0-301F-11D3-BF4B-00C04F79EFBC}") = "Unity.2D.Animation.Runtime", "Unity.2D.Animation.Runtime.Player.csproj", "{49451221-A7EF-8A7C-7C35-20F96B04B84A}"
EndProject
Project("{FAE04EC0-301F-11D3-BF4B-00C04F79EFBC}") = "Assembly-CSharp", "Assembly-CSharp.Player.csproj", "{6A28B238-DD13-8D33-6085-4BAEDB619ADF}"
EndProject
Project("{FAE04EC0-301F-11D3-BF4B-00C04F79EFBC}") = "Unity.2D.IK.Runtime", "Unity.2D.IK.Runtime.Player.csproj", "{D748D0D3-FA01-5E41-6945-1A3D99DEE941}"
EndProject
Project("{FAE04EC0-301F-11D3-BF4B-00C04F79EFBC}") = "Unity.2D.SpriteShape.Runtime", "Unity.2D.SpriteShape.Runtime.Player.csproj", "{EB13929A-43A9-3C2D-1C1F-71C7E99152B3}"
EndProject
Project("{FAE04EC0-301F-11D3-BF4B-00C04F79EFBC}") = "Unity.2D.Common.Runtime", "Unity.2D.Common.Runtime.Player.csproj", "{E1023CB3-C707-BFE7-9492-872345FFD6D0}"
EndProject
Project("{FAE04EC0-301F-11D3-BF4B-00C04F79EFBC}") = "Unity.2D.PixelPerfect", "Unity.2D.PixelPerfect.Player.csproj", "{CBC89CD3-579B-86B4-A951-2402CDB7C5CA}"
EndProject
Project("{FAE04EC0-301F-11D3-BF4B-00C04F79EFBC}") = "Unity.InternalAPIEngineBridge.001", "Unity.InternalAPIEngineBridge.001.Player.csproj", "{16E157B9-F546-64B5-5C47-025A9C519737}"
EndProject
Global
	GlobalSection(SolutionConfigurationPlatforms) = preSolution
		Debug|Any CPU = Debug|Any CPU
		Release|Any CPU = Release|Any CPU
	EndGlobalSection
	GlobalSection(ProjectConfigurationPlatforms) = postSolution
		{AEE0C183-5965-B751-3D6B-5F971CB431CA}.Debug|Any CPU.ActiveCfg = Debug|Any CPU
		{AEE0C183-5965-B751-3D6B-5F971CB431CA}.Debug|Any CPU.Build.0 = Debug|Any CPU
		{AEE0C183-5965-B751-3D6B-5F971CB431CA}.Release|Any CPU.ActiveCfg = Release|Any CPU
		{AEE0C183-5965-B751-3D6B-5F971CB431CA}.Release|Any CPU.Build.0 = Release|Any CPU
		{62D1A528-4FEE-FD7A-C9F8-912014EE9857}.Debug|Any CPU.ActiveCfg = Debug|Any CPU
		{62D1A528-4FEE-FD7A-C9F8-912014EE9857}.Debug|Any CPU.Build.0 = Debug|Any CPU
		{62D1A528-4FEE-FD7A-C9F8-912014EE9857}.Release|Any CPU.ActiveCfg = Release|Any CPU
		{62D1A528-4FEE-FD7A-C9F8-912014EE9857}.Release|Any CPU.Build.0 = Release|Any CPU
		{28BFF748-13D3-2E82-8340-E4A2ACC1310C}.Debug|Any CPU.ActiveCfg = Debug|Any CPU
		{28BFF748-13D3-2E82-8340-E4A2ACC1310C}.Debug|Any CPU.Build.0 = Debug|Any CPU
		{28BFF748-13D3-2E82-8340-E4A2ACC1310C}.Release|Any CPU.ActiveCfg = Release|Any CPU
		{28BFF748-13D3-2E82-8340-E4A2ACC1310C}.Release|Any CPU.Build.0 = Release|Any CPU
		{465944B2-9C5D-BBB1-2900-ED9A536240E3}.Debug|Any CPU.ActiveCfg = Debug|Any CPU
		{465944B2-9C5D-BBB1-2900-ED9A536240E3}.Debug|Any CPU.Build.0 = Debug|Any CPU
		{465944B2-9C5D-BBB1-2900-ED9A536240E3}.Release|Any CPU.ActiveCfg = Release|Any CPU
		{465944B2-9C5D-BBB1-2900-ED9A536240E3}.Release|Any CPU.Build.0 = Release|Any CPU
		{D1C195BE-CEE2-D9D8-57AA-DB9C72AEA99E}.Debug|Any CPU.ActiveCfg = Debug|Any CPU
		{D1C195BE-CEE2-D9D8-57AA-DB9C72AEA99E}.Debug|Any CPU.Build.0 = Debug|Any CPU
		{D1C195BE-CEE2-D9D8-57AA-DB9C72AEA99E}.Release|Any CPU.ActiveCfg = Release|Any CPU
		{D1C195BE-CEE2-D9D8-57AA-DB9C72AEA99E}.Release|Any CPU.Build.0 = Release|Any CPU
		{D93D1895-5A2D-F622-56AD-25FE4AA58FE1}.Debug|Any CPU.ActiveCfg = Debug|Any CPU
		{D93D1895-5A2D-F622-56AD-25FE4AA58FE1}.Debug|Any CPU.Build.0 = Debug|Any CPU
		{D93D1895-5A2D-F622-56AD-25FE4AA58FE1}.Release|Any CPU.ActiveCfg = Release|Any CPU
		{D93D1895-5A2D-F622-56AD-25FE4AA58FE1}.Release|Any CPU.Build.0 = Release|Any CPU
		{22449E8F-57A2-EC93-39B7-27676824A9A1}.Debug|Any CPU.ActiveCfg = Debug|Any CPU
		{22449E8F-57A2-EC93-39B7-27676824A9A1}.Debug|Any CPU.Build.0 = Debug|Any CPU
		{22449E8F-57A2-EC93-39B7-27676824A9A1}.Release|Any CPU.ActiveCfg = Release|Any CPU
		{22449E8F-57A2-EC93-39B7-27676824A9A1}.Release|Any CPU.Build.0 = Release|Any CPU
		{6C35F8A8-31EA-5AEE-3108-6D88A92680EE}.Debug|Any CPU.ActiveCfg = Debug|Any CPU
		{6C35F8A8-31EA-5AEE-3108-6D88A92680EE}.Debug|Any CPU.Build.0 = Debug|Any CPU
		{6C35F8A8-31EA-5AEE-3108-6D88A92680EE}.Release|Any CPU.ActiveCfg = Release|Any CPU
		{6C35F8A8-31EA-5AEE-3108-6D88A92680EE}.Release|Any CPU.Build.0 = Release|Any CPU
		{827D5469-A535-8E01-45B6-2394A8BAA352}.Debug|Any CPU.ActiveCfg = Debug|Any CPU
		{827D5469-A535-8E01-45B6-2394A8BAA352}.Debug|Any CPU.Build.0 = Debug|Any CPU
		{827D5469-A535-8E01-45B6-2394A8BAA352}.Release|Any CPU.ActiveCfg = Release|Any CPU
		{827D5469-A535-8E01-45B6-2394A8BAA352}.Release|Any CPU.Build.0 = Release|Any CPU
		{A532E821-757F-9DC8-BC40-905C79A951F8}.Debug|Any CPU.ActiveCfg = Debug|Any CPU
		{A532E821-757F-9DC8-BC40-905C79A951F8}.Debug|Any CPU.Build.0 = Debug|Any CPU
		{A532E821-757F-9DC8-BC40-905C79A951F8}.Release|Any CPU.ActiveCfg = Release|Any CPU
		{A532E821-757F-9DC8-BC40-905C79A951F8}.Release|Any CPU.Build.0 = Release|Any CPU
		{A7D71D17-0E98-D2BE-88F6-6943DC5BC2EF}.Debug|Any CPU.ActiveCfg = Debug|Any CPU
		{A7D71D17-0E98-D2BE-88F6-6943DC5BC2EF}.Debug|Any CPU.Build.0 = Debug|Any CPU
		{A7D71D17-0E98-D2BE-88F6-6943DC5BC2EF}.Release|Any CPU.ActiveCfg = Release|Any CPU
		{A7D71D17-0E98-D2BE-88F6-6943DC5BC2EF}.Release|Any CPU.Build.0 = Release|Any CPU
		{EE2DBD30-1E47-107B-07F2-58C8B8E611FE}.Debug|Any CPU.ActiveCfg = Debug|Any CPU
		{EE2DBD30-1E47-107B-07F2-58C8B8E611FE}.Debug|Any CPU.Build.0 = Debug|Any CPU
		{EE2DBD30-1E47-107B-07F2-58C8B8E611FE}.Release|Any CPU.ActiveCfg = Release|Any CPU
		{EE2DBD30-1E47-107B-07F2-58C8B8E611FE}.Release|Any CPU.Build.0 = Release|Any CPU
		{6CFE0EB7-A14E-7029-81A0-BE8C84AC6ABA}.Debug|Any CPU.ActiveCfg = Debug|Any CPU
		{6CFE0EB7-A14E-7029-81A0-BE8C84AC6ABA}.Debug|Any CPU.Build.0 = Debug|Any CPU
		{6CFE0EB7-A14E-7029-81A0-BE8C84AC6ABA}.Release|Any CPU.ActiveCfg = Release|Any CPU
		{6CFE0EB7-A14E-7029-81A0-BE8C84AC6ABA}.Release|Any CPU.Build.0 = Release|Any CPU
		{E3E49136-2CF7-8161-E29E-7A81A9B3F903}.Debug|Any CPU.ActiveCfg = Debug|Any CPU
		{E3E49136-2CF7-8161-E29E-7A81A9B3F903}.Debug|Any CPU.Build.0 = Debug|Any CPU
		{E3E49136-2CF7-8161-E29E-7A81A9B3F903}.Release|Any CPU.ActiveCfg = Release|Any CPU
		{E3E49136-2CF7-8161-E29E-7A81A9B3F903}.Release|Any CPU.Build.0 = Release|Any CPU
		{6A917001-1852-C138-5E8B-380C5EDB4A58}.Debug|Any CPU.ActiveCfg = Debug|Any CPU
		{6A917001-1852-C138-5E8B-380C5EDB4A58}.Debug|Any CPU.Build.0 = Debug|Any CPU
		{6A917001-1852-C138-5E8B-380C5EDB4A58}.Release|Any CPU.ActiveCfg = Release|Any CPU
		{6A917001-1852-C138-5E8B-380C5EDB4A58}.Release|Any CPU.Build.0 = Release|Any CPU
		{528C12AC-5381-5274-1A88-08D129BA21DF}.Debug|Any CPU.ActiveCfg = Debug|Any CPU
		{528C12AC-5381-5274-1A88-08D129BA21DF}.Debug|Any CPU.Build.0 = Debug|Any CPU
		{528C12AC-5381-5274-1A88-08D129BA21DF}.Release|Any CPU.ActiveCfg = Release|Any CPU
		{528C12AC-5381-5274-1A88-08D129BA21DF}.Release|Any CPU.Build.0 = Release|Any CPU
		{44DC8290-99E9-5EED-0D1B-322AEC3C9F9A}.Debug|Any CPU.ActiveCfg = Debug|Any CPU
		{44DC8290-99E9-5EED-0D1B-322AEC3C9F9A}.Debug|Any CPU.Build.0 = Debug|Any CPU
		{44DC8290-99E9-5EED-0D1B-322AEC3C9F9A}.Release|Any CPU.ActiveCfg = Release|Any CPU
		{44DC8290-99E9-5EED-0D1B-322AEC3C9F9A}.Release|Any CPU.Build.0 = Release|Any CPU
		{3D504963-4D2B-3DF8-BD5D-C6290495F013}.Debug|Any CPU.ActiveCfg = Debug|Any CPU
		{3D504963-4D2B-3DF8-BD5D-C6290495F013}.Debug|Any CPU.Build.0 = Debug|Any CPU
		{3D504963-4D2B-3DF8-BD5D-C6290495F013}.Release|Any CPU.ActiveCfg = Release|Any CPU
		{3D504963-4D2B-3DF8-BD5D-C6290495F013}.Release|Any CPU.Build.0 = Release|Any CPU
		{3C9A7133-23EC-76CC-BF1D-CEA56F39DEF8}.Debug|Any CPU.ActiveCfg = Debug|Any CPU
		{3C9A7133-23EC-76CC-BF1D-CEA56F39DEF8}.Debug|Any CPU.Build.0 = Debug|Any CPU
		{3C9A7133-23EC-76CC-BF1D-CEA56F39DEF8}.Release|Any CPU.ActiveCfg = Release|Any CPU
		{3C9A7133-23EC-76CC-BF1D-CEA56F39DEF8}.Release|Any CPU.Build.0 = Release|Any CPU
		{A2B51AC6-CD07-654A-E96A-2F9978A3BC2F}.Debug|Any CPU.ActiveCfg = Debug|Any CPU
		{A2B51AC6-CD07-654A-E96A-2F9978A3BC2F}.Debug|Any CPU.Build.0 = Debug|Any CPU
		{A2B51AC6-CD07-654A-E96A-2F9978A3BC2F}.Release|Any CPU.ActiveCfg = Release|Any CPU
		{A2B51AC6-CD07-654A-E96A-2F9978A3BC2F}.Release|Any CPU.Build.0 = Release|Any CPU
		{A985F3F6-C6CB-5C0F-C8AA-FF963A3E6A58}.Debug|Any CPU.ActiveCfg = Debug|Any CPU
		{A985F3F6-C6CB-5C0F-C8AA-FF963A3E6A58}.Debug|Any CPU.Build.0 = Debug|Any CPU
		{A985F3F6-C6CB-5C0F-C8AA-FF963A3E6A58}.Release|Any CPU.ActiveCfg = Release|Any CPU
		{A985F3F6-C6CB-5C0F-C8AA-FF963A3E6A58}.Release|Any CPU.Build.0 = Release|Any CPU
		{9FBA07C4-5BC2-4B7F-3693-4C9CA262DC1B}.Debug|Any CPU.ActiveCfg = Debug|Any CPU
		{9FBA07C4-5BC2-4B7F-3693-4C9CA262DC1B}.Debug|Any CPU.Build.0 = Debug|Any CPU
		{9FBA07C4-5BC2-4B7F-3693-4C9CA262DC1B}.Release|Any CPU.ActiveCfg = Release|Any CPU
		{9FBA07C4-5BC2-4B7F-3693-4C9CA262DC1B}.Release|Any CPU.Build.0 = Release|Any CPU
		{8B242B3A-2077-BB18-B5DE-ADEC47DAF9DF}.Debug|Any CPU.ActiveCfg = Debug|Any CPU
		{8B242B3A-2077-BB18-B5DE-ADEC47DAF9DF}.Debug|Any CPU.Build.0 = Debug|Any CPU
		{8B242B3A-2077-BB18-B5DE-ADEC47DAF9DF}.Release|Any CPU.ActiveCfg = Release|Any CPU
		{8B242B3A-2077-BB18-B5DE-ADEC47DAF9DF}.Release|Any CPU.Build.0 = Release|Any CPU
		{EF09AEEA-A5B6-AEAE-F952-2DAC9CD1495D}.Debug|Any CPU.ActiveCfg = Debug|Any CPU
		{EF09AEEA-A5B6-AEAE-F952-2DAC9CD1495D}.Debug|Any CPU.Build.0 = Debug|Any CPU
		{EF09AEEA-A5B6-AEAE-F952-2DAC9CD1495D}.Release|Any CPU.ActiveCfg = Release|Any CPU
		{EF09AEEA-A5B6-AEAE-F952-2DAC9CD1495D}.Release|Any CPU.Build.0 = Release|Any CPU
		{0340A2D6-C93E-2509-D6C7-4D8964D5E70A}.Debug|Any CPU.ActiveCfg = Debug|Any CPU
		{0340A2D6-C93E-2509-D6C7-4D8964D5E70A}.Debug|Any CPU.Build.0 = Debug|Any CPU
		{0340A2D6-C93E-2509-D6C7-4D8964D5E70A}.Release|Any CPU.ActiveCfg = Release|Any CPU
		{0340A2D6-C93E-2509-D6C7-4D8964D5E70A}.Release|Any CPU.Build.0 = Release|Any CPU
		{473AF50A-BBC7-D62C-3EE5-284D0344BDC0}.Debug|Any CPU.ActiveCfg = Debug|Any CPU
		{473AF50A-BBC7-D62C-3EE5-284D0344BDC0}.Debug|Any CPU.Build.0 = Debug|Any CPU
		{473AF50A-BBC7-D62C-3EE5-284D0344BDC0}.Release|Any CPU.ActiveCfg = Release|Any CPU
		{473AF50A-BBC7-D62C-3EE5-284D0344BDC0}.Release|Any CPU.Build.0 = Release|Any CPU
		{2FC8414E-ECF8-24E6-E6C5-641331A50E99}.Debug|Any CPU.ActiveCfg = Debug|Any CPU
		{2FC8414E-ECF8-24E6-E6C5-641331A50E99}.Debug|Any CPU.Build.0 = Debug|Any CPU
		{2FC8414E-ECF8-24E6-E6C5-641331A50E99}.Release|Any CPU.ActiveCfg = Release|Any CPU
		{2FC8414E-ECF8-24E6-E6C5-641331A50E99}.Release|Any CPU.Build.0 = Release|Any CPU
		{E1FEC881-F3CC-414C-1FA8-477F584C6C77}.Debug|Any CPU.ActiveCfg = Debug|Any CPU
		{E1FEC881-F3CC-414C-1FA8-477F584C6C77}.Debug|Any CPU.Build.0 = Debug|Any CPU
		{E1FEC881-F3CC-414C-1FA8-477F584C6C77}.Release|Any CPU.ActiveCfg = Release|Any CPU
		{E1FEC881-F3CC-414C-1FA8-477F584C6C77}.Release|Any CPU.Build.0 = Release|Any CPU
		{2A643524-3175-7B26-F4C5-95E0C5F6B7EE}.Debug|Any CPU.ActiveCfg = Debug|Any CPU
		{2A643524-3175-7B26-F4C5-95E0C5F6B7EE}.Debug|Any CPU.Build.0 = Debug|Any CPU
		{2A643524-3175-7B26-F4C5-95E0C5F6B7EE}.Release|Any CPU.ActiveCfg = Release|Any CPU
		{2A643524-3175-7B26-F4C5-95E0C5F6B7EE}.Release|Any CPU.Build.0 = Release|Any CPU
		{7F1B29A9-DC59-EB9C-DF2C-87D59AB1F6A4}.Debug|Any CPU.ActiveCfg = Debug|Any CPU
		{7F1B29A9-DC59-EB9C-DF2C-87D59AB1F6A4}.Debug|Any CPU.Build.0 = Debug|Any CPU
		{7F1B29A9-DC59-EB9C-DF2C-87D59AB1F6A4}.Release|Any CPU.ActiveCfg = Release|Any CPU
		{7F1B29A9-DC59-EB9C-DF2C-87D59AB1F6A4}.Release|Any CPU.Build.0 = Release|Any CPU
		{C0854E60-4E41-A986-AD84-52BCD5E84899}.Debug|Any CPU.ActiveCfg = Debug|Any CPU
		{C0854E60-4E41-A986-AD84-52BCD5E84899}.Debug|Any CPU.Build.0 = Debug|Any CPU
		{C0854E60-4E41-A986-AD84-52BCD5E84899}.Release|Any CPU.ActiveCfg = Release|Any CPU
		{C0854E60-4E41-A986-AD84-52BCD5E84899}.Release|Any CPU.Build.0 = Release|Any CPU
		{AF8CADF9-F22F-3185-449D-FC72DFECD6F1}.Debug|Any CPU.ActiveCfg = Debug|Any CPU
		{AF8CADF9-F22F-3185-449D-FC72DFECD6F1}.Debug|Any CPU.Build.0 = Debug|Any CPU
		{AF8CADF9-F22F-3185-449D-FC72DFECD6F1}.Release|Any CPU.ActiveCfg = Release|Any CPU
		{AF8CADF9-F22F-3185-449D-FC72DFECD6F1}.Release|Any CPU.Build.0 = Release|Any CPU
		{6209825C-CA58-5DF1-30CC-C501B0C1846A}.Debug|Any CPU.ActiveCfg = Debug|Any CPU
		{6209825C-CA58-5DF1-30CC-C501B0C1846A}.Debug|Any CPU.Build.0 = Debug|Any CPU
		{6209825C-CA58-5DF1-30CC-C501B0C1846A}.Release|Any CPU.ActiveCfg = Release|Any CPU
		{6209825C-CA58-5DF1-30CC-C501B0C1846A}.Release|Any CPU.Build.0 = Release|Any CPU
		{F22BCBDF-029D-53F8-2BEB-58388298C843}.Debug|Any CPU.ActiveCfg = Debug|Any CPU
		{F22BCBDF-029D-53F8-2BEB-58388298C843}.Debug|Any CPU.Build.0 = Debug|Any CPU
		{F22BCBDF-029D-53F8-2BEB-58388298C843}.Release|Any CPU.ActiveCfg = Release|Any CPU
		{F22BCBDF-029D-53F8-2BEB-58388298C843}.Release|Any CPU.Build.0 = Release|Any CPU
		{C2AFD4D0-9E01-7889-3B84-301CE8CDC7B9}.Debug|Any CPU.ActiveCfg = Debug|Any CPU
		{C2AFD4D0-9E01-7889-3B84-301CE8CDC7B9}.Debug|Any CPU.Build.0 = Debug|Any CPU
		{C2AFD4D0-9E01-7889-3B84-301CE8CDC7B9}.Release|Any CPU.ActiveCfg = Release|Any CPU
		{C2AFD4D0-9E01-7889-3B84-301CE8CDC7B9}.Release|Any CPU.Build.0 = Release|Any CPU
		{DBB67675-68AC-DAEE-49F0-49447433C691}.Debug|Any CPU.ActiveCfg = Debug|Any CPU
		{DBB67675-68AC-DAEE-49F0-49447433C691}.Debug|Any CPU.Build.0 = Debug|Any CPU
		{DBB67675-68AC-DAEE-49F0-49447433C691}.Release|Any CPU.ActiveCfg = Release|Any CPU
		{DBB67675-68AC-DAEE-49F0-49447433C691}.Release|Any CPU.Build.0 = Release|Any CPU
		{A5E19037-AF4F-D0F0-C411-900B002A7B33}.Debug|Any CPU.ActiveCfg = Debug|Any CPU
		{A5E19037-AF4F-D0F0-C411-900B002A7B33}.Debug|Any CPU.Build.0 = Debug|Any CPU
		{A5E19037-AF4F-D0F0-C411-900B002A7B33}.Release|Any CPU.ActiveCfg = Release|Any CPU
		{A5E19037-AF4F-D0F0-C411-900B002A7B33}.Release|Any CPU.Build.0 = Release|Any CPU
		{2D5637CE-C591-35AE-AB90-A1D7ECE3CB3C}.Debug|Any CPU.ActiveCfg = Debug|Any CPU
		{2D5637CE-C591-35AE-AB90-A1D7ECE3CB3C}.Debug|Any CPU.Build.0 = Debug|Any CPU
		{2D5637CE-C591-35AE-AB90-A1D7ECE3CB3C}.Release|Any CPU.ActiveCfg = Release|Any CPU
		{2D5637CE-C591-35AE-AB90-A1D7ECE3CB3C}.Release|Any CPU.Build.0 = Release|Any CPU
		{4156EC24-0B87-6CD8-7280-41FC53442327}.Debug|Any CPU.ActiveCfg = Debug|Any CPU
		{4156EC24-0B87-6CD8-7280-41FC53442327}.Debug|Any CPU.Build.0 = Debug|Any CPU
		{4156EC24-0B87-6CD8-7280-41FC53442327}.Release|Any CPU.ActiveCfg = Release|Any CPU
		{4156EC24-0B87-6CD8-7280-41FC53442327}.Release|Any CPU.Build.0 = Release|Any CPU
		{23CFFD30-49F9-DABC-0448-39101B902B9D}.Debug|Any CPU.ActiveCfg = Debug|Any CPU
		{23CFFD30-49F9-DABC-0448-39101B902B9D}.Debug|Any CPU.Build.0 = Debug|Any CPU
		{23CFFD30-49F9-DABC-0448-39101B902B9D}.Release|Any CPU.ActiveCfg = Release|Any CPU
		{23CFFD30-49F9-DABC-0448-39101B902B9D}.Release|Any CPU.Build.0 = Release|Any CPU
		{5874E8FE-8EDA-A1DC-F0CB-C572026DABC7}.Debug|Any CPU.ActiveCfg = Debug|Any CPU
		{5874E8FE-8EDA-A1DC-F0CB-C572026DABC7}.Debug|Any CPU.Build.0 = Debug|Any CPU
		{5874E8FE-8EDA-A1DC-F0CB-C572026DABC7}.Release|Any CPU.ActiveCfg = Release|Any CPU
		{5874E8FE-8EDA-A1DC-F0CB-C572026DABC7}.Release|Any CPU.Build.0 = Release|Any CPU
		{0FDBA441-F2C9-4B18-39BA-2F424578DF32}.Debug|Any CPU.ActiveCfg = Debug|Any CPU
		{0FDBA441-F2C9-4B18-39BA-2F424578DF32}.Debug|Any CPU.Build.0 = Debug|Any CPU
		{0FDBA441-F2C9-4B18-39BA-2F424578DF32}.Release|Any CPU.ActiveCfg = Release|Any CPU
		{0FDBA441-F2C9-4B18-39BA-2F424578DF32}.Release|Any CPU.Build.0 = Release|Any CPU
		{EF5C8C41-E341-69BC-716C-1D3D9D03D55E}.Debug|Any CPU.ActiveCfg = Debug|Any CPU
		{EF5C8C41-E341-69BC-716C-1D3D9D03D55E}.Debug|Any CPU.Build.0 = Debug|Any CPU
		{EF5C8C41-E341-69BC-716C-1D3D9D03D55E}.Release|Any CPU.ActiveCfg = Release|Any CPU
		{EF5C8C41-E341-69BC-716C-1D3D9D03D55E}.Release|Any CPU.Build.0 = Release|Any CPU
		{0EAD2E8F-A97C-EBA3-D54A-3F5DF10C9F84}.Debug|Any CPU.ActiveCfg = Debug|Any CPU
		{0EAD2E8F-A97C-EBA3-D54A-3F5DF10C9F84}.Debug|Any CPU.Build.0 = Debug|Any CPU
		{0EAD2E8F-A97C-EBA3-D54A-3F5DF10C9F84}.Release|Any CPU.ActiveCfg = Release|Any CPU
		{0EAD2E8F-A97C-EBA3-D54A-3F5DF10C9F84}.Release|Any CPU.Build.0 = Release|Any CPU
		{FC08A01F-439D-9B2D-9FCC-A656D885E33C}.Debug|Any CPU.ActiveCfg = Debug|Any CPU
		{FC08A01F-439D-9B2D-9FCC-A656D885E33C}.Debug|Any CPU.Build.0 = Debug|Any CPU
		{FC08A01F-439D-9B2D-9FCC-A656D885E33C}.Release|Any CPU.ActiveCfg = Release|Any CPU
		{FC08A01F-439D-9B2D-9FCC-A656D885E33C}.Release|Any CPU.Build.0 = Release|Any CPU
		{CDB7B92A-A3DB-8042-F0B1-179882096FB7}.Debug|Any CPU.ActiveCfg = Debug|Any CPU
		{CDB7B92A-A3DB-8042-F0B1-179882096FB7}.Debug|Any CPU.Build.0 = Debug|Any CPU
		{CDB7B92A-A3DB-8042-F0B1-179882096FB7}.Release|Any CPU.ActiveCfg = Release|Any CPU
		{CDB7B92A-A3DB-8042-F0B1-179882096FB7}.Release|Any CPU.Build.0 = Release|Any CPU
		{49451221-A7EF-8A7C-7C35-20F96B04B84A}.Debug|Any CPU.ActiveCfg = Debug|Any CPU
		{49451221-A7EF-8A7C-7C35-20F96B04B84A}.Debug|Any CPU.Build.0 = Debug|Any CPU
		{49451221-A7EF-8A7C-7C35-20F96B04B84A}.Release|Any CPU.ActiveCfg = Release|Any CPU
		{49451221-A7EF-8A7C-7C35-20F96B04B84A}.Release|Any CPU.Build.0 = Release|Any CPU
		{6A28B238-DD13-8D33-6085-4BAEDB619ADF}.Debug|Any CPU.ActiveCfg = Debug|Any CPU
		{6A28B238-DD13-8D33-6085-4BAEDB619ADF}.Debug|Any CPU.Build.0 = Debug|Any CPU
		{6A28B238-DD13-8D33-6085-4BAEDB619ADF}.Release|Any CPU.ActiveCfg = Release|Any CPU
		{6A28B238-DD13-8D33-6085-4BAEDB619ADF}.Release|Any CPU.Build.0 = Release|Any CPU
		{D748D0D3-FA01-5E41-6945-1A3D99DEE941}.Debug|Any CPU.ActiveCfg = Debug|Any CPU
		{D748D0D3-FA01-5E41-6945-1A3D99DEE941}.Debug|Any CPU.Build.0 = Debug|Any CPU
		{D748D0D3-FA01-5E41-6945-1A3D99DEE941}.Release|Any CPU.ActiveCfg = Release|Any CPU
		{D748D0D3-FA01-5E41-6945-1A3D99DEE941}.Release|Any CPU.Build.0 = Release|Any CPU
		{EB13929A-43A9-3C2D-1C1F-71C7E99152B3}.Debug|Any CPU.ActiveCfg = Debug|Any CPU
		{EB13929A-43A9-3C2D-1C1F-71C7E99152B3}.Debug|Any CPU.Build.0 = Debug|Any CPU
		{EB13929A-43A9-3C2D-1C1F-71C7E99152B3}.Release|Any CPU.ActiveCfg = Release|Any CPU
		{EB13929A-43A9-3C2D-1C1F-71C7E99152B3}.Release|Any CPU.Build.0 = Release|Any CPU
		{E1023CB3-C707-BFE7-9492-872345FFD6D0}.Debug|Any CPU.ActiveCfg = Debug|Any CPU
		{E1023CB3-C707-BFE7-9492-872345FFD6D0}.Debug|Any CPU.Build.0 = Debug|Any CPU
		{E1023CB3-C707-BFE7-9492-872345FFD6D0}.Release|Any CPU.ActiveCfg = Release|Any CPU
		{E1023CB3-C707-BFE7-9492-872345FFD6D0}.Release|Any CPU.Build.0 = Release|Any CPU
		{CBC89CD3-579B-86B4-A951-2402CDB7C5CA}.Debug|Any CPU.ActiveCfg = Debug|Any CPU
		{CBC89CD3-579B-86B4-A951-2402CDB7C5CA}.Debug|Any CPU.Build.0 = Debug|Any CPU
		{CBC89CD3-579B-86B4-A951-2402CDB7C5CA}.Release|Any CPU.ActiveCfg = Release|Any CPU
		{CBC89CD3-579B-86B4-A951-2402CDB7C5CA}.Release|Any CPU.Build.0 = Release|Any CPU
		{16E157B9-F546-64B5-5C47-025A9C519737}.Debug|Any CPU.ActiveCfg = Debug|Any CPU
		{16E157B9-F546-64B5-5C47-025A9C519737}.Debug|Any CPU.Build.0 = Debug|Any CPU
		{16E157B9-F546-64B5-5C47-025A9C519737}.Release|Any CPU.ActiveCfg = Release|Any CPU
		{16E157B9-F546-64B5-5C47-025A9C519737}.Release|Any CPU.Build.0 = Release|Any CPU
	EndGlobalSection
	GlobalSection(SolutionProperties) = preSolution
		HideSolutionNode = FALSE
	EndGlobalSection
EndGlobal
