
Microsoft Visual Studio Solution File, Format Version 12.00
# Visual Studio 15
Project("{FAE04EC0-301F-11D3-BF4B-00C04F79EFBC}") = "UnityEngine.UI", "UnityEngine.UI.csproj", "{A5B10D75-86C8-BF61-7ECC-7AB7779EFD85}"
EndProject
Project("{FAE04EC0-301F-11D3-BF4B-00C04F79EFBC}") = "UnityEngine.TestRunner", "UnityEngine.TestRunner.csproj", "{F5235098-D9E1-A474-8D99-DF54489607A5}"
EndProject
Project("{FAE04EC0-301F-11D3-BF4B-00C04F79EFBC}") = "Unity.Mathematics", "Unity.Mathematics.csproj", "{60410BB1-3D7E-ABEE-4348-D73CEE8A9494}"
EndProject
Project("{FAE04EC0-301F-11D3-BF4B-00C04F79EFBC}") = "Unity.Timeline", "Unity.Timeline.csproj", "{30CB87B0-DD47-3038-B941-CDEB55CD3B50}"
EndProject
Project("{FAE04EC0-301F-11D3-BF4B-00C04F79EFBC}") = "Cinemachine", "Cinemachine.csproj", "{10BB3E18-132A-6CA7-024C-60C210282ED3}"
EndProject
Project("{FAE04EC0-301F-11D3-BF4B-00C04F79EFBC}") = "Unity.TextMeshPro", "Unity.TextMeshPro.csproj", "{497FEF93-1F1F-B6E0-7B69-E892AC0272AE}"
EndProject
Project("{FAE04EC0-301F-11D3-BF4B-00C04F79EFBC}") = "Unity.Burst", "Unity.Burst.csproj", "{FE90DC40-0994-65E7-C700-A31E6479CA6B}"
EndProject
Project("{FAE04EC0-301F-11D3-BF4B-00C04F79EFBC}") = "Unity.2D.Animation.Runtime", "Unity.2D.Animation.Runtime.csproj", "{045D4E0F-7054-DDD4-AC31-0190B823D385}"
EndProject
Project("{FAE04EC0-301F-11D3-BF4B-00C04F79EFBC}") = "Assembly-CSharp", "Assembly-CSharp.csproj", "{34F655E5-843B-383F-0DF7-799CCABDC091}"
EndProject
Project("{FAE04EC0-301F-11D3-BF4B-00C04F79EFBC}") = "Unity.2D.IK.Runtime", "Unity.2D.IK.Runtime.csproj", "{82B9F155-1A6A-EB6E-8CC1-409FBAA1FE97}"
EndProject
Project("{FAE04EC0-301F-11D3-BF4B-00C04F79EFBC}") = "Unity.2D.SpriteShape.Runtime", "Unity.2D.SpriteShape.Runtime.csproj", "{EFE6BC3A-BF18-F361-58DD-552218D8DD4F}"
EndProject
Project("{FAE04EC0-301F-11D3-BF4B-00C04F79EFBC}") = "Unity.2D.Common.Runtime", "Unity.2D.Common.Runtime.csproj", "{053C9DDC-1FDD-4240-BB13-220672545D2F}"
EndProject
Project("{FAE04EC0-301F-11D3-BF4B-00C04F79EFBC}") = "Unity.2D.PixelPerfect", "Unity.2D.PixelPerfect.csproj", "{E9EE4017-8322-7217-56EA-AA01450C5920}"
EndProject
Project("{FAE04EC0-301F-11D3-BF4B-00C04F79EFBC}") = "Unity.InternalAPIEngineBridge.001", "Unity.InternalAPIEngineBridge.001.csproj", "{1A72C637-71AE-1978-383F-2DED8DFD76F5}"
EndProject
Project("{FAE04EC0-301F-11D3-BF4B-00C04F79EFBC}") = "UnityEditor.TestRunner", "UnityEditor.TestRunner.csproj", "{E57B58AE-1C80-5CE2-E45E-9641EEF446AF}"
EndProject
Project("{FAE04EC0-301F-11D3-BF4B-00C04F79EFBC}") = "Unity.2D.Psdimporter.Editor", "Unity.2D.Psdimporter.Editor.csproj", "{8E6F6B31-0F19-94A4-A286-8DEC1227C6EC}"
EndProject
Project("{FAE04EC0-301F-11D3-BF4B-00C04F79EFBC}") = "Unity.PlasticSCM.Editor", "Unity.PlasticSCM.Editor.csproj", "{F70E8BA3-CBD3-0E2D-4FD1-C213A55480D4}"
EndProject
Project("{FAE04EC0-301F-11D3-BF4B-00C04F79EFBC}") = "UnityEditor.UI", "UnityEditor.UI.csproj", "{DA91B227-1973-FB10-D8CF-919248D5460C}"
EndProject
Project("{FAE04EC0-301F-11D3-BF4B-00C04F79EFBC}") = "Unity.Services.Core.Editor", "Unity.Services.Core.Editor.csproj", "{87924462-2E35-09DC-F491-7530C90CCCE4}"
EndProject
Project("{FAE04EC0-301F-11D3-BF4B-00C04F79EFBC}") = "Unity.Timeline.Editor", "Unity.Timeline.Editor.csproj", "{F07FC0F7-6438-A642-2112-F16E9B9226BB}"
EndProject
Project("{FAE04EC0-301F-11D3-BF4B-00C04F79EFBC}") = "Unity.VisualStudio.Editor", "Unity.VisualStudio.Editor.csproj", "{6D52D5AC-5533-F357-6E89-E280D813618A}"
EndProject
Project("{FAE04EC0-301F-11D3-BF4B-00C04F79EFBC}") = "com.unity.cinemachine.editor", "com.unity.cinemachine.editor.csproj", "{3B866F54-B201-E3B7-A3DF-ACA2E557E2B9}"
EndProject
Project("{FAE04EC0-301F-11D3-BF4B-00C04F79EFBC}") = "Unity.2D.Animation.Editor", "Unity.2D.Animation.Editor.csproj", "{ABE75285-CD09-8218-EFB5-B0245CF15519}"
EndProject
Project("{FAE04EC0-301F-11D3-BF4B-00C04F79EFBC}") = "Unity.TextMeshPro.Editor", "Unity.TextMeshPro.Editor.csproj", "{DCA5721D-6C15-8DF1-A1DF-3E3AED23157F}"
EndProject
Project("{FAE04EC0-301F-11D3-BF4B-00C04F79EFBC}") = "Unity.2D.SpriteShape.Editor", "Unity.2D.SpriteShape.Editor.csproj", "{C6A1B285-44CE-F112-6868-EDB4C6FAB974}"
EndProject
Project("{FAE04EC0-301F-11D3-BF4B-00C04F79EFBC}") = "Unity.CollabProxy.Editor", "Unity.CollabProxy.Editor.csproj", "{FB8F9CCE-9E32-C668-6769-17B9C5E80239}"
EndProject
Project("{FAE04EC0-301F-11D3-BF4B-00C04F79EFBC}") = "PsdPlugin", "PsdPlugin.csproj", "{1BEC9F8F-1F53-31AC-4CBE-AE49FF27938B}"
EndProject
Project("{FAE04EC0-301F-11D3-BF4B-00C04F79EFBC}") = "Unity.2D.Tilemap.Editor", "Unity.2D.Tilemap.Editor.csproj", "{FDF1765E-5FFD-5134-19E7-D3A0421EF3AF}"
EndProject
Project("{FAE04EC0-301F-11D3-BF4B-00C04F79EFBC}") = "Unity.2D.Path.Editor", "Unity.2D.Path.Editor.csproj", "{1A01F901-4EFE-FFDF-E9AD-7746B8687753}"
EndProject
Project("{FAE04EC0-301F-11D3-BF4B-00C04F79EFBC}") = "Unity.Rider.Editor", "Unity.Rider.Editor.csproj", "{CB864169-764C-3946-22A6-400471487811}"
EndProject
Project("{FAE04EC0-301F-11D3-BF4B-00C04F79EFBC}") = "Unity.2D.Sprite.Editor", "Unity.2D.Sprite.Editor.csproj", "{0669590E-1FF6-940D-9356-18205E21E170}"
EndProject
Project("{FAE04EC0-301F-11D3-BF4B-00C04F79EFBC}") = "Unity.2D.IK.Editor", "Unity.2D.IK.Editor.csproj", "{1182F3F4-80CC-B16F-C167-B79E5CC37B8C}"
EndProject
Project("{FAE04EC0-301F-11D3-BF4B-00C04F79EFBC}") = "Unity.Burst.Editor", "Unity.Burst.Editor.csproj", "{C3533102-F6BF-AC90-27A9-D077B7611864}"
EndProject
Project("{FAE04EC0-301F-11D3-BF4B-00C04F79EFBC}") = "Unity.Burst.CodeGen", "Unity.Burst.CodeGen.csproj", "{6F8394E7-28CC-968E-CF28-5D9FDC8C4263}"
EndProject
Project("{FAE04EC0-301F-11D3-BF4B-00C04F79EFBC}") = "Unity.2D.PixelPerfect.Editor", "Unity.2D.PixelPerfect.Editor.csproj", "{1EB8BD19-05BF-E387-C643-A804F2381BBC}"
EndProject
Project("{FAE04EC0-301F-11D3-BF4B-00C04F79EFBC}") = "Unity.VSCode.Editor", "Unity.VSCode.Editor.csproj", "{A2A00FBB-AF35-B24C-15B1-F4333C82D060}"
EndProject
Project("{FAE04EC0-301F-11D3-BF4B-00C04F79EFBC}") = "Unity.2D.Common.Editor", "Unity.2D.Common.Editor.csproj", "{396C6D95-89BD-C03C-AEFD-BC00AE4340FF}"
EndProject
Project("{FAE04EC0-301F-11D3-BF4B-00C04F79EFBC}") = "Unity.Mathematics.Editor", "Unity.Mathematics.Editor.csproj", "{321DC71D-8BC9-94C4-E280-71F39BE92C4D}"
EndProject
Project("{FAE04EC0-301F-11D3-BF4B-00C04F79EFBC}") = "Unity.InternalAPIEditorBridge.001", "Unity.InternalAPIEditorBridge.001.csproj", "{FA405EA8-4DD6-DC84-D8EB-34721D5CDC9F}"
EndProject
Project("{FAE04EC0-301F-11D3-BF4B-00C04F79EFBC}") = "UnityEngine.UI", "UnityEngine.UI.Player.csproj", "{0D111476-C1C6-9B6A-CD2B-F50E6204AD93}"
EndProject
Project("{FAE04EC0-301F-11D3-BF4B-00C04F79EFBC}") = "UnityEngine.TestRunner", "UnityEngine.TestRunner.Player.csproj", "{9FC83AD2-F4CA-795C-9E52-B8155D9996CA}"
EndProject
Project("{FAE04EC0-301F-11D3-BF4B-00C04F79EFBC}") = "Unity.Mathematics", "Unity.Mathematics.Player.csproj", "{78E64E8D-82D7-1CE2-10B6-2AC5A5B1ED7D}"
EndProject
Project("{FAE04EC0-301F-11D3-BF4B-00C04F79EFBC}") = "Unity.Timeline", "Unity.Timeline.Player.csproj", "{12F5DD0B-EC5D-6124-AA9E-4B6EAB48AA4B}"
EndProject
Project("{FAE04EC0-301F-11D3-BF4B-00C04F79EFBC}") = "Cinemachine", "Cinemachine.Player.csproj", "{545E37DD-7344-E21E-19A1-BDDCDCDC4362}"
EndProject
Project("{FAE04EC0-301F-11D3-BF4B-00C04F79EFBC}") = "Unity.TextMeshPro", "Unity.TextMeshPro.Player.csproj", "{D6ECFD1C-64E3-8F62-A478-C7E1664BC0D2}"
EndProject
Project("{FAE04EC0-301F-11D3-BF4B-00C04F79EFBC}") = "Unity.Burst", "Unity.Burst.Player.csproj", "{A71D3E4B-35CF-FD9C-5F45-61E5696714C1}"
EndProject
Project("{FAE04EC0-301F-11D3-BF4B-00C04F79EFBC}") = "Unity.2D.Animation.Runtime", "Unity.2D.Animation.Runtime.Player.csproj", "{F8164F50-87EA-CADB-61C0-F7564C237D92}"
EndProject
Project("{FAE04EC0-301F-11D3-BF4B-00C04F79EFBC}") = "Assembly-CSharp", "Assembly-CSharp.Player.csproj", "{A5F71B1E-84F4-6157-1E93-01A601C15435}"
EndProject
Project("{FAE04EC0-301F-11D3-BF4B-00C04F79EFBC}") = "Unity.2D.IK.Runtime", "Unity.2D.IK.Runtime.Player.csproj", "{A05921E2-A32B-3723-45BE-B399D2375CB5}"
EndProject
Project("{FAE04EC0-301F-11D3-BF4B-00C04F79EFBC}") = "Unity.2D.SpriteShape.Runtime", "Unity.2D.SpriteShape.Runtime.Player.csproj", "{ECF5247B-2DDF-5D84-8E3A-8D8E989F8354}"
EndProject
Project("{FAE04EC0-301F-11D3-BF4B-00C04F79EFBC}") = "Unity.2D.Common.Runtime", "Unity.2D.Common.Runtime.Player.csproj", "{0C9AB1BE-0250-E719-AFD5-992FDE4FF2B0}"
EndProject
Project("{FAE04EC0-301F-11D3-BF4B-00C04F79EFBC}") = "Unity.2D.PixelPerfect", "Unity.2D.PixelPerfect.Player.csproj", "{34A45161-AA00-27EB-7FAA-1B09B81D74BD}"
EndProject
Project("{FAE04EC0-301F-11D3-BF4B-00C04F79EFBC}") = "Unity.InternalAPIEngineBridge.001", "Unity.InternalAPIEngineBridge.001.Player.csproj", "{B9C89309-5D10-DAB7-9390-E11C917E58FE}"
EndProject
Global
	GlobalSection(SolutionConfigurationPlatforms) = preSolution
		Debug|Any CPU = Debug|Any CPU
		Release|Any CPU = Release|Any CPU
	EndGlobalSection
	GlobalSection(ProjectConfigurationPlatforms) = postSolution
		{A5B10D75-86C8-BF61-7ECC-7AB7779EFD85}.Debug|Any CPU.ActiveCfg = Debug|Any CPU
		{A5B10D75-86C8-BF61-7ECC-7AB7779EFD85}.Debug|Any CPU.Build.0 = Debug|Any CPU
		{A5B10D75-86C8-BF61-7ECC-7AB7779EFD85}.Release|Any CPU.ActiveCfg = Release|Any CPU
		{A5B10D75-86C8-BF61-7ECC-7AB7779EFD85}.Release|Any CPU.Build.0 = Release|Any CPU
		{F5235098-D9E1-A474-8D99-DF54489607A5}.Debug|Any CPU.ActiveCfg = Debug|Any CPU
		{F5235098-D9E1-A474-8D99-DF54489607A5}.Debug|Any CPU.Build.0 = Debug|Any CPU
		{F5235098-D9E1-A474-8D99-DF54489607A5}.Release|Any CPU.ActiveCfg = Release|Any CPU
		{F5235098-D9E1-A474-8D99-DF54489607A5}.Release|Any CPU.Build.0 = Release|Any CPU
		{60410BB1-3D7E-ABEE-4348-D73CEE8A9494}.Debug|Any CPU.ActiveCfg = Debug|Any CPU
		{60410BB1-3D7E-ABEE-4348-D73CEE8A9494}.Debug|Any CPU.Build.0 = Debug|Any CPU
		{60410BB1-3D7E-ABEE-4348-D73CEE8A9494}.Release|Any CPU.ActiveCfg = Release|Any CPU
		{60410BB1-3D7E-ABEE-4348-D73CEE8A9494}.Release|Any CPU.Build.0 = Release|Any CPU
		{30CB87B0-DD47-3038-B941-CDEB55CD3B50}.Debug|Any CPU.ActiveCfg = Debug|Any CPU
		{30CB87B0-DD47-3038-B941-CDEB55CD3B50}.Debug|Any CPU.Build.0 = Debug|Any CPU
		{30CB87B0-DD47-3038-B941-CDEB55CD3B50}.Release|Any CPU.ActiveCfg = Release|Any CPU
		{30CB87B0-DD47-3038-B941-CDEB55CD3B50}.Release|Any CPU.Build.0 = Release|Any CPU
		{10BB3E18-132A-6CA7-024C-60C210282ED3}.Debug|Any CPU.ActiveCfg = Debug|Any CPU
		{10BB3E18-132A-6CA7-024C-60C210282ED3}.Debug|Any CPU.Build.0 = Debug|Any CPU
		{10BB3E18-132A-6CA7-024C-60C210282ED3}.Release|Any CPU.ActiveCfg = Release|Any CPU
		{10BB3E18-132A-6CA7-024C-60C210282ED3}.Release|Any CPU.Build.0 = Release|Any CPU
		{497FEF93-1F1F-B6E0-7B69-E892AC0272AE}.Debug|Any CPU.ActiveCfg = Debug|Any CPU
		{497FEF93-1F1F-B6E0-7B69-E892AC0272AE}.Debug|Any CPU.Build.0 = Debug|Any CPU
		{497FEF93-1F1F-B6E0-7B69-E892AC0272AE}.Release|Any CPU.ActiveCfg = Release|Any CPU
		{497FEF93-1F1F-B6E0-7B69-E892AC0272AE}.Release|Any CPU.Build.0 = Release|Any CPU
		{FE90DC40-0994-65E7-C700-A31E6479CA6B}.Debug|Any CPU.ActiveCfg = Debug|Any CPU
		{FE90DC40-0994-65E7-C700-A31E6479CA6B}.Debug|Any CPU.Build.0 = Debug|Any CPU
		{FE90DC40-0994-65E7-C700-A31E6479CA6B}.Release|Any CPU.ActiveCfg = Release|Any CPU
		{FE90DC40-0994-65E7-C700-A31E6479CA6B}.Release|Any CPU.Build.0 = Release|Any CPU
		{045D4E0F-7054-DDD4-AC31-0190B823D385}.Debug|Any CPU.ActiveCfg = Debug|Any CPU
		{045D4E0F-7054-DDD4-AC31-0190B823D385}.Debug|Any CPU.Build.0 = Debug|Any CPU
		{045D4E0F-7054-DDD4-AC31-0190B823D385}.Release|Any CPU.ActiveCfg = Release|Any CPU
		{045D4E0F-7054-DDD4-AC31-0190B823D385}.Release|Any CPU.Build.0 = Release|Any CPU
		{34F655E5-843B-383F-0DF7-799CCABDC091}.Debug|Any CPU.ActiveCfg = Debug|Any CPU
		{34F655E5-843B-383F-0DF7-799CCABDC091}.Debug|Any CPU.Build.0 = Debug|Any CPU
		{34F655E5-843B-383F-0DF7-799CCABDC091}.Release|Any CPU.ActiveCfg = Release|Any CPU
		{34F655E5-843B-383F-0DF7-799CCABDC091}.Release|Any CPU.Build.0 = Release|Any CPU
		{82B9F155-1A6A-EB6E-8CC1-409FBAA1FE97}.Debug|Any CPU.ActiveCfg = Debug|Any CPU
		{82B9F155-1A6A-EB6E-8CC1-409FBAA1FE97}.Debug|Any CPU.Build.0 = Debug|Any CPU
		{82B9F155-1A6A-EB6E-8CC1-409FBAA1FE97}.Release|Any CPU.ActiveCfg = Release|Any CPU
		{82B9F155-1A6A-EB6E-8CC1-409FBAA1FE97}.Release|Any CPU.Build.0 = Release|Any CPU
		{EFE6BC3A-BF18-F361-58DD-552218D8DD4F}.Debug|Any CPU.ActiveCfg = Debug|Any CPU
		{EFE6BC3A-BF18-F361-58DD-552218D8DD4F}.Debug|Any CPU.Build.0 = Debug|Any CPU
		{EFE6BC3A-BF18-F361-58DD-552218D8DD4F}.Release|Any CPU.ActiveCfg = Release|Any CPU
		{EFE6BC3A-BF18-F361-58DD-552218D8DD4F}.Release|Any CPU.Build.0 = Release|Any CPU
		{053C9DDC-1FDD-4240-BB13-220672545D2F}.Debug|Any CPU.ActiveCfg = Debug|Any CPU
		{053C9DDC-1FDD-4240-BB13-220672545D2F}.Debug|Any CPU.Build.0 = Debug|Any CPU
		{053C9DDC-1FDD-4240-BB13-220672545D2F}.Release|Any CPU.ActiveCfg = Release|Any CPU
		{053C9DDC-1FDD-4240-BB13-220672545D2F}.Release|Any CPU.Build.0 = Release|Any CPU
		{E9EE4017-8322-7217-56EA-AA01450C5920}.Debug|Any CPU.ActiveCfg = Debug|Any CPU
		{E9EE4017-8322-7217-56EA-AA01450C5920}.Debug|Any CPU.Build.0 = Debug|Any CPU
		{E9EE4017-8322-7217-56EA-AA01450C5920}.Release|Any CPU.ActiveCfg = Release|Any CPU
		{E9EE4017-8322-7217-56EA-AA01450C5920}.Release|Any CPU.Build.0 = Release|Any CPU
		{1A72C637-71AE-1978-383F-2DED8DFD76F5}.Debug|Any CPU.ActiveCfg = Debug|Any CPU
		{1A72C637-71AE-1978-383F-2DED8DFD76F5}.Debug|Any CPU.Build.0 = Debug|Any CPU
		{1A72C637-71AE-1978-383F-2DED8DFD76F5}.Release|Any CPU.ActiveCfg = Release|Any CPU
		{1A72C637-71AE-1978-383F-2DED8DFD76F5}.Release|Any CPU.Build.0 = Release|Any CPU
		{E57B58AE-1C80-5CE2-E45E-9641EEF446AF}.Debug|Any CPU.ActiveCfg = Debug|Any CPU
		{E57B58AE-1C80-5CE2-E45E-9641EEF446AF}.Debug|Any CPU.Build.0 = Debug|Any CPU
		{E57B58AE-1C80-5CE2-E45E-9641EEF446AF}.Release|Any CPU.ActiveCfg = Release|Any CPU
		{E57B58AE-1C80-5CE2-E45E-9641EEF446AF}.Release|Any CPU.Build.0 = Release|Any CPU
		{8E6F6B31-0F19-94A4-A286-8DEC1227C6EC}.Debug|Any CPU.ActiveCfg = Debug|Any CPU
		{8E6F6B31-0F19-94A4-A286-8DEC1227C6EC}.Debug|Any CPU.Build.0 = Debug|Any CPU
		{8E6F6B31-0F19-94A4-A286-8DEC1227C6EC}.Release|Any CPU.ActiveCfg = Release|Any CPU
		{8E6F6B31-0F19-94A4-A286-8DEC1227C6EC}.Release|Any CPU.Build.0 = Release|Any CPU
		{F70E8BA3-CBD3-0E2D-4FD1-C213A55480D4}.Debug|Any CPU.ActiveCfg = Debug|Any CPU
		{F70E8BA3-CBD3-0E2D-4FD1-C213A55480D4}.Debug|Any CPU.Build.0 = Debug|Any CPU
		{F70E8BA3-CBD3-0E2D-4FD1-C213A55480D4}.Release|Any CPU.ActiveCfg = Release|Any CPU
		{F70E8BA3-CBD3-0E2D-4FD1-C213A55480D4}.Release|Any CPU.Build.0 = Release|Any CPU
		{DA91B227-1973-FB10-D8CF-919248D5460C}.Debug|Any CPU.ActiveCfg = Debug|Any CPU
		{DA91B227-1973-FB10-D8CF-919248D5460C}.Debug|Any CPU.Build.0 = Debug|Any CPU
		{DA91B227-1973-FB10-D8CF-919248D5460C}.Release|Any CPU.ActiveCfg = Release|Any CPU
		{DA91B227-1973-FB10-D8CF-919248D5460C}.Release|Any CPU.Build.0 = Release|Any CPU
		{87924462-2E35-09DC-F491-7530C90CCCE4}.Debug|Any CPU.ActiveCfg = Debug|Any CPU
		{87924462-2E35-09DC-F491-7530C90CCCE4}.Debug|Any CPU.Build.0 = Debug|Any CPU
		{87924462-2E35-09DC-F491-7530C90CCCE4}.Release|Any CPU.ActiveCfg = Release|Any CPU
		{87924462-2E35-09DC-F491-7530C90CCCE4}.Release|Any CPU.Build.0 = Release|Any CPU
		{F07FC0F7-6438-A642-2112-F16E9B9226BB}.Debug|Any CPU.ActiveCfg = Debug|Any CPU
		{F07FC0F7-6438-A642-2112-F16E9B9226BB}.Debug|Any CPU.Build.0 = Debug|Any CPU
		{F07FC0F7-6438-A642-2112-F16E9B9226BB}.Release|Any CPU.ActiveCfg = Release|Any CPU
		{F07FC0F7-6438-A642-2112-F16E9B9226BB}.Release|Any CPU.Build.0 = Release|Any CPU
		{6D52D5AC-5533-F357-6E89-E280D813618A}.Debug|Any CPU.ActiveCfg = Debug|Any CPU
		{6D52D5AC-5533-F357-6E89-E280D813618A}.Debug|Any CPU.Build.0 = Debug|Any CPU
		{6D52D5AC-5533-F357-6E89-E280D813618A}.Release|Any CPU.ActiveCfg = Release|Any CPU
		{6D52D5AC-5533-F357-6E89-E280D813618A}.Release|Any CPU.Build.0 = Release|Any CPU
		{3B866F54-B201-E3B7-A3DF-ACA2E557E2B9}.Debug|Any CPU.ActiveCfg = Debug|Any CPU
		{3B866F54-B201-E3B7-A3DF-ACA2E557E2B9}.Debug|Any CPU.Build.0 = Debug|Any CPU
		{3B866F54-B201-E3B7-A3DF-ACA2E557E2B9}.Release|Any CPU.ActiveCfg = Release|Any CPU
		{3B866F54-B201-E3B7-A3DF-ACA2E557E2B9}.Release|Any CPU.Build.0 = Release|Any CPU
		{ABE75285-CD09-8218-EFB5-B0245CF15519}.Debug|Any CPU.ActiveCfg = Debug|Any CPU
		{ABE75285-CD09-8218-EFB5-B0245CF15519}.Debug|Any CPU.Build.0 = Debug|Any CPU
		{ABE75285-CD09-8218-EFB5-B0245CF15519}.Release|Any CPU.ActiveCfg = Release|Any CPU
		{ABE75285-CD09-8218-EFB5-B0245CF15519}.Release|Any CPU.Build.0 = Release|Any CPU
		{DCA5721D-6C15-8DF1-A1DF-3E3AED23157F}.Debug|Any CPU.ActiveCfg = Debug|Any CPU
		{DCA5721D-6C15-8DF1-A1DF-3E3AED23157F}.Debug|Any CPU.Build.0 = Debug|Any CPU
		{DCA5721D-6C15-8DF1-A1DF-3E3AED23157F}.Release|Any CPU.ActiveCfg = Release|Any CPU
		{DCA5721D-6C15-8DF1-A1DF-3E3AED23157F}.Release|Any CPU.Build.0 = Release|Any CPU
		{C6A1B285-44CE-F112-6868-EDB4C6FAB974}.Debug|Any CPU.ActiveCfg = Debug|Any CPU
		{C6A1B285-44CE-F112-6868-EDB4C6FAB974}.Debug|Any CPU.Build.0 = Debug|Any CPU
		{C6A1B285-44CE-F112-6868-EDB4C6FAB974}.Release|Any CPU.ActiveCfg = Release|Any CPU
		{C6A1B285-44CE-F112-6868-EDB4C6FAB974}.Release|Any CPU.Build.0 = Release|Any CPU
		{FB8F9CCE-9E32-C668-6769-17B9C5E80239}.Debug|Any CPU.ActiveCfg = Debug|Any CPU
		{FB8F9CCE-9E32-C668-6769-17B9C5E80239}.Debug|Any CPU.Build.0 = Debug|Any CPU
		{FB8F9CCE-9E32-C668-6769-17B9C5E80239}.Release|Any CPU.ActiveCfg = Release|Any CPU
		{FB8F9CCE-9E32-C668-6769-17B9C5E80239}.Release|Any CPU.Build.0 = Release|Any CPU
		{1BEC9F8F-1F53-31AC-4CBE-AE49FF27938B}.Debug|Any CPU.ActiveCfg = Debug|Any CPU
		{1BEC9F8F-1F53-31AC-4CBE-AE49FF27938B}.Debug|Any CPU.Build.0 = Debug|Any CPU
		{1BEC9F8F-1F53-31AC-4CBE-AE49FF27938B}.Release|Any CPU.ActiveCfg = Release|Any CPU
		{1BEC9F8F-1F53-31AC-4CBE-AE49FF27938B}.Release|Any CPU.Build.0 = Release|Any CPU
		{FDF1765E-5FFD-5134-19E7-D3A0421EF3AF}.Debug|Any CPU.ActiveCfg = Debug|Any CPU
		{FDF1765E-5FFD-5134-19E7-D3A0421EF3AF}.Debug|Any CPU.Build.0 = Debug|Any CPU
		{FDF1765E-5FFD-5134-19E7-D3A0421EF3AF}.Release|Any CPU.ActiveCfg = Release|Any CPU
		{FDF1765E-5FFD-5134-19E7-D3A0421EF3AF}.Release|Any CPU.Build.0 = Release|Any CPU
		{1A01F901-4EFE-FFDF-E9AD-7746B8687753}.Debug|Any CPU.ActiveCfg = Debug|Any CPU
		{1A01F901-4EFE-FFDF-E9AD-7746B8687753}.Debug|Any CPU.Build.0 = Debug|Any CPU
		{1A01F901-4EFE-FFDF-E9AD-7746B8687753}.Release|Any CPU.ActiveCfg = Release|Any CPU
		{1A01F901-4EFE-FFDF-E9AD-7746B8687753}.Release|Any CPU.Build.0 = Release|Any CPU
		{CB864169-764C-3946-22A6-400471487811}.Debug|Any CPU.ActiveCfg = Debug|Any CPU
		{CB864169-764C-3946-22A6-400471487811}.Debug|Any CPU.Build.0 = Debug|Any CPU
		{CB864169-764C-3946-22A6-400471487811}.Release|Any CPU.ActiveCfg = Release|Any CPU
		{CB864169-764C-3946-22A6-400471487811}.Release|Any CPU.Build.0 = Release|Any CPU
		{0669590E-1FF6-940D-9356-18205E21E170}.Debug|Any CPU.ActiveCfg = Debug|Any CPU
		{0669590E-1FF6-940D-9356-18205E21E170}.Debug|Any CPU.Build.0 = Debug|Any CPU
		{0669590E-1FF6-940D-9356-18205E21E170}.Release|Any CPU.ActiveCfg = Release|Any CPU
		{0669590E-1FF6-940D-9356-18205E21E170}.Release|Any CPU.Build.0 = Release|Any CPU
		{1182F3F4-80CC-B16F-C167-B79E5CC37B8C}.Debug|Any CPU.ActiveCfg = Debug|Any CPU
		{1182F3F4-80CC-B16F-C167-B79E5CC37B8C}.Debug|Any CPU.Build.0 = Debug|Any CPU
		{1182F3F4-80CC-B16F-C167-B79E5CC37B8C}.Release|Any CPU.ActiveCfg = Release|Any CPU
		{1182F3F4-80CC-B16F-C167-B79E5CC37B8C}.Release|Any CPU.Build.0 = Release|Any CPU
		{C3533102-F6BF-AC90-27A9-D077B7611864}.Debug|Any CPU.ActiveCfg = Debug|Any CPU
		{C3533102-F6BF-AC90-27A9-D077B7611864}.Debug|Any CPU.Build.0 = Debug|Any CPU
		{C3533102-F6BF-AC90-27A9-D077B7611864}.Release|Any CPU.ActiveCfg = Release|Any CPU
		{C3533102-F6BF-AC90-27A9-D077B7611864}.Release|Any CPU.Build.0 = Release|Any CPU
		{6F8394E7-28CC-968E-CF28-5D9FDC8C4263}.Debug|Any CPU.ActiveCfg = Debug|Any CPU
		{6F8394E7-28CC-968E-CF28-5D9FDC8C4263}.Debug|Any CPU.Build.0 = Debug|Any CPU
		{6F8394E7-28CC-968E-CF28-5D9FDC8C4263}.Release|Any CPU.ActiveCfg = Release|Any CPU
		{6F8394E7-28CC-968E-CF28-5D9FDC8C4263}.Release|Any CPU.Build.0 = Release|Any CPU
		{1EB8BD19-05BF-E387-C643-A804F2381BBC}.Debug|Any CPU.ActiveCfg = Debug|Any CPU
		{1EB8BD19-05BF-E387-C643-A804F2381BBC}.Debug|Any CPU.Build.0 = Debug|Any CPU
		{1EB8BD19-05BF-E387-C643-A804F2381BBC}.Release|Any CPU.ActiveCfg = Release|Any CPU
		{1EB8BD19-05BF-E387-C643-A804F2381BBC}.Release|Any CPU.Build.0 = Release|Any CPU
		{A2A00FBB-AF35-B24C-15B1-F4333C82D060}.Debug|Any CPU.ActiveCfg = Debug|Any CPU
		{A2A00FBB-AF35-B24C-15B1-F4333C82D060}.Debug|Any CPU.Build.0 = Debug|Any CPU
		{A2A00FBB-AF35-B24C-15B1-F4333C82D060}.Release|Any CPU.ActiveCfg = Release|Any CPU
		{A2A00FBB-AF35-B24C-15B1-F4333C82D060}.Release|Any CPU.Build.0 = Release|Any CPU
		{396C6D95-89BD-C03C-AEFD-BC00AE4340FF}.Debug|Any CPU.ActiveCfg = Debug|Any CPU
		{396C6D95-89BD-C03C-AEFD-BC00AE4340FF}.Debug|Any CPU.Build.0 = Debug|Any CPU
		{396C6D95-89BD-C03C-AEFD-BC00AE4340FF}.Release|Any CPU.ActiveCfg = Release|Any CPU
		{396C6D95-89BD-C03C-AEFD-BC00AE4340FF}.Release|Any CPU.Build.0 = Release|Any CPU
		{321DC71D-8BC9-94C4-E280-71F39BE92C4D}.Debug|Any CPU.ActiveCfg = Debug|Any CPU
		{321DC71D-8BC9-94C4-E280-71F39BE92C4D}.Debug|Any CPU.Build.0 = Debug|Any CPU
		{321DC71D-8BC9-94C4-E280-71F39BE92C4D}.Release|Any CPU.ActiveCfg = Release|Any CPU
		{321DC71D-8BC9-94C4-E280-71F39BE92C4D}.Release|Any CPU.Build.0 = Release|Any CPU
		{FA405EA8-4DD6-DC84-D8EB-34721D5CDC9F}.Debug|Any CPU.ActiveCfg = Debug|Any CPU
		{FA405EA8-4DD6-DC84-D8EB-34721D5CDC9F}.Debug|Any CPU.Build.0 = Debug|Any CPU
		{FA405EA8-4DD6-DC84-D8EB-34721D5CDC9F}.Release|Any CPU.ActiveCfg = Release|Any CPU
		{FA405EA8-4DD6-DC84-D8EB-34721D5CDC9F}.Release|Any CPU.Build.0 = Release|Any CPU
		{0D111476-C1C6-9B6A-CD2B-F50E6204AD93}.Debug|Any CPU.ActiveCfg = Debug|Any CPU
		{0D111476-C1C6-9B6A-CD2B-F50E6204AD93}.Debug|Any CPU.Build.0 = Debug|Any CPU
		{0D111476-C1C6-9B6A-CD2B-F50E6204AD93}.Release|Any CPU.ActiveCfg = Release|Any CPU
		{0D111476-C1C6-9B6A-CD2B-F50E6204AD93}.Release|Any CPU.Build.0 = Release|Any CPU
		{9FC83AD2-F4CA-795C-9E52-B8155D9996CA}.Debug|Any CPU.ActiveCfg = Debug|Any CPU
		{9FC83AD2-F4CA-795C-9E52-B8155D9996CA}.Debug|Any CPU.Build.0 = Debug|Any CPU
		{9FC83AD2-F4CA-795C-9E52-B8155D9996CA}.Release|Any CPU.ActiveCfg = Release|Any CPU
		{9FC83AD2-F4CA-795C-9E52-B8155D9996CA}.Release|Any CPU.Build.0 = Release|Any CPU
		{78E64E8D-82D7-1CE2-10B6-2AC5A5B1ED7D}.Debug|Any CPU.ActiveCfg = Debug|Any CPU
		{78E64E8D-82D7-1CE2-10B6-2AC5A5B1ED7D}.Debug|Any CPU.Build.0 = Debug|Any CPU
		{78E64E8D-82D7-1CE2-10B6-2AC5A5B1ED7D}.Release|Any CPU.ActiveCfg = Release|Any CPU
		{78E64E8D-82D7-1CE2-10B6-2AC5A5B1ED7D}.Release|Any CPU.Build.0 = Release|Any CPU
		{12F5DD0B-EC5D-6124-AA9E-4B6EAB48AA4B}.Debug|Any CPU.ActiveCfg = Debug|Any CPU
		{12F5DD0B-EC5D-6124-AA9E-4B6EAB48AA4B}.Debug|Any CPU.Build.0 = Debug|Any CPU
		{12F5DD0B-EC5D-6124-AA9E-4B6EAB48AA4B}.Release|Any CPU.ActiveCfg = Release|Any CPU
		{12F5DD0B-EC5D-6124-AA9E-4B6EAB48AA4B}.Release|Any CPU.Build.0 = Release|Any CPU
		{545E37DD-7344-E21E-19A1-BDDCDCDC4362}.Debug|Any CPU.ActiveCfg = Debug|Any CPU
		{545E37DD-7344-E21E-19A1-BDDCDCDC4362}.Debug|Any CPU.Build.0 = Debug|Any CPU
		{545E37DD-7344-E21E-19A1-BDDCDCDC4362}.Release|Any CPU.ActiveCfg = Release|Any CPU
		{545E37DD-7344-E21E-19A1-BDDCDCDC4362}.Release|Any CPU.Build.0 = Release|Any CPU
		{D6ECFD1C-64E3-8F62-A478-C7E1664BC0D2}.Debug|Any CPU.ActiveCfg = Debug|Any CPU
		{D6ECFD1C-64E3-8F62-A478-C7E1664BC0D2}.Debug|Any CPU.Build.0 = Debug|Any CPU
		{D6ECFD1C-64E3-8F62-A478-C7E1664BC0D2}.Release|Any CPU.ActiveCfg = Release|Any CPU
		{D6ECFD1C-64E3-8F62-A478-C7E1664BC0D2}.Release|Any CPU.Build.0 = Release|Any CPU
		{A71D3E4B-35CF-FD9C-5F45-61E5696714C1}.Debug|Any CPU.ActiveCfg = Debug|Any CPU
		{A71D3E4B-35CF-FD9C-5F45-61E5696714C1}.Debug|Any CPU.Build.0 = Debug|Any CPU
		{A71D3E4B-35CF-FD9C-5F45-61E5696714C1}.Release|Any CPU.ActiveCfg = Release|Any CPU
		{A71D3E4B-35CF-FD9C-5F45-61E5696714C1}.Release|Any CPU.Build.0 = Release|Any CPU
		{F8164F50-87EA-CADB-61C0-F7564C237D92}.Debug|Any CPU.ActiveCfg = Debug|Any CPU
		{F8164F50-87EA-CADB-61C0-F7564C237D92}.Debug|Any CPU.Build.0 = Debug|Any CPU
		{F8164F50-87EA-CADB-61C0-F7564C237D92}.Release|Any CPU.ActiveCfg = Release|Any CPU
		{F8164F50-87EA-CADB-61C0-F7564C237D92}.Release|Any CPU.Build.0 = Release|Any CPU
		{A5F71B1E-84F4-6157-1E93-01A601C15435}.Debug|Any CPU.ActiveCfg = Debug|Any CPU
		{A5F71B1E-84F4-6157-1E93-01A601C15435}.Debug|Any CPU.Build.0 = Debug|Any CPU
		{A5F71B1E-84F4-6157-1E93-01A601C15435}.Release|Any CPU.ActiveCfg = Release|Any CPU
		{A5F71B1E-84F4-6157-1E93-01A601C15435}.Release|Any CPU.Build.0 = Release|Any CPU
		{A05921E2-A32B-3723-45BE-B399D2375CB5}.Debug|Any CPU.ActiveCfg = Debug|Any CPU
		{A05921E2-A32B-3723-45BE-B399D2375CB5}.Debug|Any CPU.Build.0 = Debug|Any CPU
		{A05921E2-A32B-3723-45BE-B399D2375CB5}.Release|Any CPU.ActiveCfg = Release|Any CPU
		{A05921E2-A32B-3723-45BE-B399D2375CB5}.Release|Any CPU.Build.0 = Release|Any CPU
		{ECF5247B-2DDF-5D84-8E3A-8D8E989F8354}.Debug|Any CPU.ActiveCfg = Debug|Any CPU
		{ECF5247B-2DDF-5D84-8E3A-8D8E989F8354}.Debug|Any CPU.Build.0 = Debug|Any CPU
		{ECF5247B-2DDF-5D84-8E3A-8D8E989F8354}.Release|Any CPU.ActiveCfg = Release|Any CPU
		{ECF5247B-2DDF-5D84-8E3A-8D8E989F8354}.Release|Any CPU.Build.0 = Release|Any CPU
		{0C9AB1BE-0250-E719-AFD5-992FDE4FF2B0}.Debug|Any CPU.ActiveCfg = Debug|Any CPU
		{0C9AB1BE-0250-E719-AFD5-992FDE4FF2B0}.Debug|Any CPU.Build.0 = Debug|Any CPU
		{0C9AB1BE-0250-E719-AFD5-992FDE4FF2B0}.Release|Any CPU.ActiveCfg = Release|Any CPU
		{0C9AB1BE-0250-E719-AFD5-992FDE4FF2B0}.Release|Any CPU.Build.0 = Release|Any CPU
		{34A45161-AA00-27EB-7FAA-1B09B81D74BD}.Debug|Any CPU.ActiveCfg = Debug|Any CPU
		{34A45161-AA00-27EB-7FAA-1B09B81D74BD}.Debug|Any CPU.Build.0 = Debug|Any CPU
		{34A45161-AA00-27EB-7FAA-1B09B81D74BD}.Release|Any CPU.ActiveCfg = Release|Any CPU
		{34A45161-AA00-27EB-7FAA-1B09B81D74BD}.Release|Any CPU.Build.0 = Release|Any CPU
		{B9C89309-5D10-DAB7-9390-E11C917E58FE}.Debug|Any CPU.ActiveCfg = Debug|Any CPU
		{B9C89309-5D10-DAB7-9390-E11C917E58FE}.Debug|Any CPU.Build.0 = Debug|Any CPU
		{B9C89309-5D10-DAB7-9390-E11C917E58FE}.Release|Any CPU.ActiveCfg = Release|Any CPU
		{B9C89309-5D10-DAB7-9390-E11C917E58FE}.Release|Any CPU.Build.0 = Release|Any CPU
	EndGlobalSection
	GlobalSection(SolutionProperties) = preSolution
		HideSolutionNode = FALSE
	EndGlobalSection
EndGlobal
